
Microsoft Visual Studio Solution File, Format Version 12.00
# Visual Studio Version 16
VisualStudioVersion = 16.0.32228.343
MinimumVisualStudioVersion = 10.0.40219.1
Project("{FAE04EC0-301F-11D3-BF4B-00C04F79EFBC}") = "CourseWorkFunctionsDrawer", "CourseWorkFunctionsDrawer\CourseWorkFunctionsDrawer.csproj", "{03237CA8-1FB2-4438-A235-9ECEE3109BE5}"
EndProject
Global
	GlobalSection(SolutionConfigurationPlatforms) = preSolution
		Debug|Any CPU = Debug|Any CPU
		Release|Any CPU = Release|Any CPU
	EndGlobalSection
	GlobalSection(ProjectConfigurationPlatforms) = postSolution
		{03237CA8-1FB2-4438-A235-9ECEE3109BE5}.Debug|Any CPU.ActiveCfg = Debug|Any CPU
		{03237CA8-1FB2-4438-A235-9ECEE3109BE5}.Debug|Any CPU.Build.0 = Debug|Any CPU
		{03237CA8-1FB2-4438-A235-9ECEE3109BE5}.Release|Any CPU.ActiveCfg = Release|Any CPU
		{03237CA8-1FB2-4438-A235-9ECEE3109BE5}.Release|Any CPU.Build.0 = Release|Any CPU
	EndGlobalSection
	GlobalSection(SolutionProperties) = preSolution
		HideSolutionNode = FALSE
	EndGlobalSection
	GlobalSection(ExtensibilityGlobals) = postSolution
		SolutionGuid = {DA8C1215-2262-4FFC-9777-A95E2CC89782}
	EndGlobalSection
EndGlobal
